
Microsoft Visual Studio Solution File, Format Version 12.00
# Visual Studio Version 17
VisualStudioVersion = 17.9.34723.18
MinimumVisualStudioVersion = 10.0.40219.1
Project("{9A19103F-16F7-4668-BE54-9A1E7A4F7556}") = "2midtermtest", "2midtermtest\2midtermtest.csproj", "{93599175-F5E1-43BB-BB91-99F5EA322441}"
EndProject
Project("{9A19103F-16F7-4668-BE54-9A1E7A4F7556}") = "Task 4.1", "Task 4.1\Task 4.1.csproj", "{CDF2F553-80E8-45F5-B5A7-F77B95DD00BA}"
EndProject
Project("{9A19103F-16F7-4668-BE54-9A1E7A4F7556}") = "Task 4.2", "Task 4.2\Task 4.2.csproj", "{AD8D6BE8-998D-4F15-9BE8-8825ED806678}"
EndProject
Project("{2150E333-8FDC-42A3-9474-1A3956D46DE8}") = "Tasks 4", "Tasks 4", "{22EFCC1A-3D6F-46F7-B113-B048C80A1777}"
EndProject
Project("{2150E333-8FDC-42A3-9474-1A3956D46DE8}") = "Midtermtest", "Midtermtest", "{2732F4E0-EAA7-41B1-8918-812AA5705828}"
EndProject
Project("{9A19103F-16F7-4668-BE54-9A1E7A4F7556}") = "middermtest", "middermtest\middermtest.csproj", "{63197E7A-446E-45DF-A93A-70EA7541AEDF}"
EndProject
Project("{9A19103F-16F7-4668-BE54-9A1E7A4F7556}") = "Linq", "Linq\Linq.csproj", "{762A8C74-EFA1-449C-8152-C7D8D055048A}"
EndProject
Project("{9A19103F-16F7-4668-BE54-9A1E7A4F7556}") = "Linq2", "Linq2\Linq2.csproj", "{58EB17D1-DA9F-47D8-B8DB-85E5FA14B93F}"
EndProject
Project("{9A19103F-16F7-4668-BE54-9A1E7A4F7556}") = "News", "News\News.csproj", "{D0E179C2-970C-4F06-AA89-EC6BAD4134DB}"
EndProject
Project("{FAE04EC0-301F-11D3-BF4B-00C04F79EFBC}") = "FinalTest1", "FinalTest1\FinalTest1.csproj", "{645532D5-5925-4D0D-AC62-FC81A2016452}"
EndProject
Project("{FAE04EC0-301F-11D3-BF4B-00C04F79EFBC}") = "FinalTest2", "FinalTest2\FinalTest2.csproj", "{3528F79C-EF3A-43BD-AAA5-6393C52ADB53}"
EndProject
Project("{FAE04EC0-301F-11D3-BF4B-00C04F79EFBC}") = "FinalTest3", "FinalTest3\FinalTest3.csproj", "{1474462C-E735-4B24-A329-008FEE9DD2C6}"
EndProject
Project("{2150E333-8FDC-42A3-9474-1A3956D46DE8}") = "FinalTest", "FinalTest", "{6540CE6E-295C-4DFC-B657-FC81DF4972BB}"
EndProject
Project("{FAE04EC0-301F-11D3-BF4B-00C04F79EFBC}") = "FinalTest4", "FinalTest4\FinalTest4.csproj", "{8AA4A490-60C7-4E81-91F3-9FE43F01624B}"
EndProject
Global
	GlobalSection(SolutionConfigurationPlatforms) = preSolution
		Debug|Any CPU = Debug|Any CPU
		Release|Any CPU = Release|Any CPU
	EndGlobalSection
	GlobalSection(ProjectConfigurationPlatforms) = postSolution
		{93599175-F5E1-43BB-BB91-99F5EA322441}.Debug|Any CPU.ActiveCfg = Debug|Any CPU
		{93599175-F5E1-43BB-BB91-99F5EA322441}.Debug|Any CPU.Build.0 = Debug|Any CPU
		{93599175-F5E1-43BB-BB91-99F5EA322441}.Release|Any CPU.ActiveCfg = Release|Any CPU
		{93599175-F5E1-43BB-BB91-99F5EA322441}.Release|Any CPU.Build.0 = Release|Any CPU
		{CDF2F553-80E8-45F5-B5A7-F77B95DD00BA}.Debug|Any CPU.ActiveCfg = Debug|Any CPU
		{CDF2F553-80E8-45F5-B5A7-F77B95DD00BA}.Debug|Any CPU.Build.0 = Debug|Any CPU
		{CDF2F553-80E8-45F5-B5A7-F77B95DD00BA}.Release|Any CPU.ActiveCfg = Release|Any CPU
		{CDF2F553-80E8-45F5-B5A7-F77B95DD00BA}.Release|Any CPU.Build.0 = Release|Any CPU
		{AD8D6BE8-998D-4F15-9BE8-8825ED806678}.Debug|Any CPU.ActiveCfg = Debug|Any CPU
		{AD8D6BE8-998D-4F15-9BE8-8825ED806678}.Debug|Any CPU.Build.0 = Debug|Any CPU
		{AD8D6BE8-998D-4F15-9BE8-8825ED806678}.Release|Any CPU.ActiveCfg = Release|Any CPU
		{AD8D6BE8-998D-4F15-9BE8-8825ED806678}.Release|Any CPU.Build.0 = Release|Any CPU
		{63197E7A-446E-45DF-A93A-70EA7541AEDF}.Debug|Any CPU.ActiveCfg = Debug|Any CPU
		{63197E7A-446E-45DF-A93A-70EA7541AEDF}.Debug|Any CPU.Build.0 = Debug|Any CPU
		{63197E7A-446E-45DF-A93A-70EA7541AEDF}.Release|Any CPU.ActiveCfg = Release|Any CPU
		{63197E7A-446E-45DF-A93A-70EA7541AEDF}.Release|Any CPU.Build.0 = Release|Any CPU
		{762A8C74-EFA1-449C-8152-C7D8D055048A}.Debug|Any CPU.ActiveCfg = Debug|Any CPU
		{762A8C74-EFA1-449C-8152-C7D8D055048A}.Debug|Any CPU.Build.0 = Debug|Any CPU
		{762A8C74-EFA1-449C-8152-C7D8D055048A}.Release|Any CPU.ActiveCfg = Release|Any CPU
		{762A8C74-EFA1-449C-8152-C7D8D055048A}.Release|Any CPU.Build.0 = Release|Any CPU
		{58EB17D1-DA9F-47D8-B8DB-85E5FA14B93F}.Debug|Any CPU.ActiveCfg = Debug|Any CPU
		{58EB17D1-DA9F-47D8-B8DB-85E5FA14B93F}.Debug|Any CPU.Build.0 = Debug|Any CPU
		{58EB17D1-DA9F-47D8-B8DB-85E5FA14B93F}.Release|Any CPU.ActiveCfg = Release|Any CPU
		{58EB17D1-DA9F-47D8-B8DB-85E5FA14B93F}.Release|Any CPU.Build.0 = Release|Any CPU
		{D0E179C2-970C-4F06-AA89-EC6BAD4134DB}.Debug|Any CPU.ActiveCfg = Debug|Any CPU
		{D0E179C2-970C-4F06-AA89-EC6BAD4134DB}.Debug|Any CPU.Build.0 = Debug|Any CPU
		{D0E179C2-970C-4F06-AA89-EC6BAD4134DB}.Release|Any CPU.ActiveCfg = Release|Any CPU
		{D0E179C2-970C-4F06-AA89-EC6BAD4134DB}.Release|Any CPU.Build.0 = Release|Any CPU
		{645532D5-5925-4D0D-AC62-FC81A2016452}.Debug|Any CPU.ActiveCfg = Debug|Any CPU
		{645532D5-5925-4D0D-AC62-FC81A2016452}.Debug|Any CPU.Build.0 = Debug|Any CPU
		{645532D5-5925-4D0D-AC62-FC81A2016452}.Release|Any CPU.ActiveCfg = Release|Any CPU
		{645532D5-5925-4D0D-AC62-FC81A2016452}.Release|Any CPU.Build.0 = Release|Any CPU
		{3528F79C-EF3A-43BD-AAA5-6393C52ADB53}.Debug|Any CPU.ActiveCfg = Debug|Any CPU
		{3528F79C-EF3A-43BD-AAA5-6393C52ADB53}.Debug|Any CPU.Build.0 = Debug|Any CPU
		{3528F79C-EF3A-43BD-AAA5-6393C52ADB53}.Release|Any CPU.ActiveCfg = Release|Any CPU
		{3528F79C-EF3A-43BD-AAA5-6393C52ADB53}.Release|Any CPU.Build.0 = Release|Any CPU
		{1474462C-E735-4B24-A329-008FEE9DD2C6}.Debug|Any CPU.ActiveCfg = Debug|Any CPU
		{1474462C-E735-4B24-A329-008FEE9DD2C6}.Debug|Any CPU.Build.0 = Debug|Any CPU
		{1474462C-E735-4B24-A329-008FEE9DD2C6}.Release|Any CPU.ActiveCfg = Release|Any CPU
		{1474462C-E735-4B24-A329-008FEE9DD2C6}.Release|Any CPU.Build.0 = Release|Any CPU
		{8AA4A490-60C7-4E81-91F3-9FE43F01624B}.Debug|Any CPU.ActiveCfg = Debug|Any CPU
		{8AA4A490-60C7-4E81-91F3-9FE43F01624B}.Debug|Any CPU.Build.0 = Debug|Any CPU
		{8AA4A490-60C7-4E81-91F3-9FE43F01624B}.Release|Any CPU.ActiveCfg = Release|Any CPU
		{8AA4A490-60C7-4E81-91F3-9FE43F01624B}.Release|Any CPU.Build.0 = Release|Any CPU
	EndGlobalSection
	GlobalSection(SolutionProperties) = preSolution
		HideSolutionNode = FALSE
	EndGlobalSection
	GlobalSection(NestedProjects) = preSolution
		{93599175-F5E1-43BB-BB91-99F5EA322441} = {2732F4E0-EAA7-41B1-8918-812AA5705828}
		{CDF2F553-80E8-45F5-B5A7-F77B95DD00BA} = {22EFCC1A-3D6F-46F7-B113-B048C80A1777}
		{AD8D6BE8-998D-4F15-9BE8-8825ED806678} = {22EFCC1A-3D6F-46F7-B113-B048C80A1777}
		{63197E7A-446E-45DF-A93A-70EA7541AEDF} = {2732F4E0-EAA7-41B1-8918-812AA5705828}
		{645532D5-5925-4D0D-AC62-FC81A2016452} = {6540CE6E-295C-4DFC-B657-FC81DF4972BB}
		{3528F79C-EF3A-43BD-AAA5-6393C52ADB53} = {6540CE6E-295C-4DFC-B657-FC81DF4972BB}
		{1474462C-E735-4B24-A329-008FEE9DD2C6} = {6540CE6E-295C-4DFC-B657-FC81DF4972BB}
		{8AA4A490-60C7-4E81-91F3-9FE43F01624B} = {6540CE6E-295C-4DFC-B657-FC81DF4972BB}
	EndGlobalSection
	GlobalSection(ExtensibilityGlobals) = postSolution
		SolutionGuid = {21FF4B79-8D77-47E1-A5D4-1589A6756396}
	EndGlobalSection
EndGlobal
