
Microsoft Visual Studio Solution File, Format Version 12.00
# Visual Studio Version 17
VisualStudioVersion = 17.9.34723.18
MinimumVisualStudioVersion = 10.0.40219.1
Project("{FAE04EC0-301F-11D3-BF4B-00C04F79EFBC}") = "Task 4.7", "Task 4.7.csproj", "{17FA7D8E-BF4A-4EDD-B191-72DAA5E6166F}"
EndProject
Global
	GlobalSection(SolutionConfigurationPlatforms) = preSolution
		Debug|Any CPU = Debug|Any CPU
		Release|Any CPU = Release|Any CPU
	EndGlobalSection
	GlobalSection(ProjectConfigurationPlatforms) = postSolution
		{17FA7D8E-BF4A-4EDD-B191-72DAA5E6166F}.Debug|Any CPU.ActiveCfg = Debug|Any CPU
		{17FA7D8E-BF4A-4EDD-B191-72DAA5E6166F}.Debug|Any CPU.Build.0 = Debug|Any CPU
		{17FA7D8E-BF4A-4EDD-B191-72DAA5E6166F}.Release|Any CPU.ActiveCfg = Release|Any CPU
		{17FA7D8E-BF4A-4EDD-B191-72DAA5E6166F}.Release|Any CPU.Build.0 = Release|Any CPU
	EndGlobalSection
	GlobalSection(SolutionProperties) = preSolution
		HideSolutionNode = FALSE
	EndGlobalSection
	GlobalSection(ExtensibilityGlobals) = postSolution
		SolutionGuid = {F131AD9F-DA53-4294-BDF4-5903AC7FBF03}
	EndGlobalSection
EndGlobal
