
Microsoft Visual Studio Solution File, Format Version 12.00
# Visual Studio Version 17
VisualStudioVersion = 17.9.34723.18
MinimumVisualStudioVersion = 10.0.40219.1
Project("{FAE04EC0-301F-11D3-BF4B-00C04F79EFBC}") = "Task 4.3", "Task 4.3.csproj", "{C612277C-E084-4F32-9B67-726703C19138}"
EndProject
Global
	GlobalSection(SolutionConfigurationPlatforms) = preSolution
		Debug|Any CPU = Debug|Any CPU
		Release|Any CPU = Release|Any CPU
	EndGlobalSection
	GlobalSection(ProjectConfigurationPlatforms) = postSolution
		{C612277C-E084-4F32-9B67-726703C19138}.Debug|Any CPU.ActiveCfg = Debug|Any CPU
		{C612277C-E084-4F32-9B67-726703C19138}.Debug|Any CPU.Build.0 = Debug|Any CPU
		{C612277C-E084-4F32-9B67-726703C19138}.Release|Any CPU.ActiveCfg = Release|Any CPU
		{C612277C-E084-4F32-9B67-726703C19138}.Release|Any CPU.Build.0 = Release|Any CPU
	EndGlobalSection
	GlobalSection(SolutionProperties) = preSolution
		HideSolutionNode = FALSE
	EndGlobalSection
	GlobalSection(ExtensibilityGlobals) = postSolution
		SolutionGuid = {78CD3251-75E4-4A91-8ABE-DDE4FBA4F238}
	EndGlobalSection
EndGlobal
