
Microsoft Visual Studio Solution File, Format Version 12.00
# Visual Studio Version 17
VisualStudioVersion = 17.9.34723.18
MinimumVisualStudioVersion = 10.0.40219.1
Project("{FAE04EC0-301F-11D3-BF4B-00C04F79EFBC}") = "Task 4.2", "Task 4.2.csproj", "{6B56E937-1317-481F-8852-04EDF38EB1DA}"
EndProject
Global
	GlobalSection(SolutionConfigurationPlatforms) = preSolution
		Debug|Any CPU = Debug|Any CPU
		Release|Any CPU = Release|Any CPU
	EndGlobalSection
	GlobalSection(ProjectConfigurationPlatforms) = postSolution
		{6B56E937-1317-481F-8852-04EDF38EB1DA}.Debug|Any CPU.ActiveCfg = Debug|Any CPU
		{6B56E937-1317-481F-8852-04EDF38EB1DA}.Debug|Any CPU.Build.0 = Debug|Any CPU
		{6B56E937-1317-481F-8852-04EDF38EB1DA}.Release|Any CPU.ActiveCfg = Release|Any CPU
		{6B56E937-1317-481F-8852-04EDF38EB1DA}.Release|Any CPU.Build.0 = Release|Any CPU
	EndGlobalSection
	GlobalSection(SolutionProperties) = preSolution
		HideSolutionNode = FALSE
	EndGlobalSection
	GlobalSection(ExtensibilityGlobals) = postSolution
		SolutionGuid = {64B2E20F-5689-44DF-AB21-E9B07A40525A}
	EndGlobalSection
EndGlobal
