
Microsoft Visual Studio Solution File, Format Version 12.00
# Visual Studio Version 17
VisualStudioVersion = 17.9.34723.18
MinimumVisualStudioVersion = 10.0.40219.1
Project("{FAE04EC0-301F-11D3-BF4B-00C04F79EFBC}") = "Task 4.1", "Task 4.1.csproj", "{235C5431-8F06-452A-A8B9-2A05CABF628F}"
EndProject
Global
	GlobalSection(SolutionConfigurationPlatforms) = preSolution
		Debug|Any CPU = Debug|Any CPU
		Release|Any CPU = Release|Any CPU
	EndGlobalSection
	GlobalSection(ProjectConfigurationPlatforms) = postSolution
		{235C5431-8F06-452A-A8B9-2A05CABF628F}.Debug|Any CPU.ActiveCfg = Debug|Any CPU
		{235C5431-8F06-452A-A8B9-2A05CABF628F}.Debug|Any CPU.Build.0 = Debug|Any CPU
		{235C5431-8F06-452A-A8B9-2A05CABF628F}.Release|Any CPU.ActiveCfg = Release|Any CPU
		{235C5431-8F06-452A-A8B9-2A05CABF628F}.Release|Any CPU.Build.0 = Release|Any CPU
	EndGlobalSection
	GlobalSection(SolutionProperties) = preSolution
		HideSolutionNode = FALSE
	EndGlobalSection
	GlobalSection(ExtensibilityGlobals) = postSolution
		SolutionGuid = {97694DB0-9D47-4415-BE80-D26A495C9DDE}
	EndGlobalSection
EndGlobal
